// !$*UTF8*$!
{
	archiveVersion = 1;
	classes = {
	};
	objectVersion = 46;
	objects = {

/* Begin PBXBuildFile section */
		921DB1CE1796F65800ADDB2D /* QLKMessage.m in Sources */ = {isa = PBXBuildFile; fileRef = 921DB1CD1796F65700ADDB2D /* QLKMessage.m */; };
		92F3E9ED178B1BC500A4C617 /* Cocoa.framework in Frameworks */ = {isa = PBXBuildFile; fileRef = 92F3E9EC178B1BC500A4C617 /* Cocoa.framework */; };
		92F3E9F7178B1BC500A4C617 /* InfoPlist.strings in Resources */ = {isa = PBXBuildFile; fileRef = 92F3E9F5178B1BC500A4C617 /* InfoPlist.strings */; };
		92F3E9F9178B1BC500A4C617 /* main.m in Sources */ = {isa = PBXBuildFile; fileRef = 92F3E9F8178B1BC500A4C617 /* main.m */; };
		92F3E9FD178B1BC500A4C617 /* Credits.rtf in Resources */ = {isa = PBXBuildFile; fileRef = 92F3E9FB178B1BC500A4C617 /* Credits.rtf */; };
		92F3EA00178B1BC500A4C617 /* QLKAppDelegate.m in Sources */ = {isa = PBXBuildFile; fileRef = 92F3E9FF178B1BC500A4C617 /* QLKAppDelegate.m */; };
		92F3EA03178B1BC500A4C617 /* MainMenu.xib in Resources */ = {isa = PBXBuildFile; fileRef = 92F3EA01178B1BC500A4C617 /* MainMenu.xib */; };
		92F3EA43178B1DA300A4C617 /* F53OSCBundle.m in Sources */ = {isa = PBXBuildFile; fileRef = 92F3EA24178B1DA300A4C617 /* F53OSCBundle.m */; settings = {COMPILER_FLAGS = "-fno-objc-arc"; }; };
		92F3EA44178B1DA300A4C617 /* F53OSCClient.m in Sources */ = {isa = PBXBuildFile; fileRef = 92F3EA26178B1DA300A4C617 /* F53OSCClient.m */; settings = {COMPILER_FLAGS = "-fno-objc-arc"; }; };
		92F3EA45178B1DA300A4C617 /* F53OSCMessage.m in Sources */ = {isa = PBXBuildFile; fileRef = 92F3EA29178B1DA300A4C617 /* F53OSCMessage.m */; settings = {COMPILER_FLAGS = "-fno-objc-arc"; }; };
		92F3EA46178B1DA300A4C617 /* F53OSCPacket.m in Sources */ = {isa = PBXBuildFile; fileRef = 92F3EA2B178B1DA300A4C617 /* F53OSCPacket.m */; settings = {COMPILER_FLAGS = "-fno-objc-arc"; }; };
		92F3EA47178B1DA300A4C617 /* F53OSCParser.m in Sources */ = {isa = PBXBuildFile; fileRef = 92F3EA2D178B1DA300A4C617 /* F53OSCParser.m */; settings = {COMPILER_FLAGS = "-fno-objc-arc"; }; };
		92F3EA48178B1DA300A4C617 /* F53OSCServer.m in Sources */ = {isa = PBXBuildFile; fileRef = 92F3EA30178B1DA300A4C617 /* F53OSCServer.m */; settings = {COMPILER_FLAGS = "-fno-objc-arc"; }; };
		92F3EA49178B1DA300A4C617 /* F53OSCSocket.m in Sources */ = {isa = PBXBuildFile; fileRef = 92F3EA32178B1DA300A4C617 /* F53OSCSocket.m */; settings = {COMPILER_FLAGS = "-fno-objc-arc"; }; };
		92F3EA4A178B1DA300A4C617 /* F53OSCTimeTag.m in Sources */ = {isa = PBXBuildFile; fileRef = 92F3EA34178B1DA300A4C617 /* F53OSCTimeTag.m */; settings = {COMPILER_FLAGS = "-fno-objc-arc"; }; };
		92F3EA4B178B1DA300A4C617 /* GCDAsyncSocket.m in Sources */ = {isa = PBXBuildFile; fileRef = 92F3EA36178B1DA300A4C617 /* GCDAsyncSocket.m */; };
		92F3EA4C178B1DA300A4C617 /* GCDAsyncUdpSocket.m in Sources */ = {isa = PBXBuildFile; fileRef = 92F3EA38178B1DA300A4C617 /* GCDAsyncUdpSocket.m */; };
		92F3EA4D178B1DA300A4C617 /* LICENSE.txt in Resources */ = {isa = PBXBuildFile; fileRef = 92F3EA39178B1DA300A4C617 /* LICENSE.txt */; };
		92F3EA4E178B1DA300A4C617 /* NSData+F53OSCBlob.m in Sources */ = {isa = PBXBuildFile; fileRef = 92F3EA3B178B1DA300A4C617 /* NSData+F53OSCBlob.m */; settings = {COMPILER_FLAGS = "-fno-objc-arc"; }; };
		92F3EA4F178B1DA300A4C617 /* NSDate+F53OSCTimeTag.m in Sources */ = {isa = PBXBuildFile; fileRef = 92F3EA3D178B1DA300A4C617 /* NSDate+F53OSCTimeTag.m */; settings = {COMPILER_FLAGS = "-fno-objc-arc"; }; };
		92F3EA50178B1DA300A4C617 /* NSNumber+F53OSCNumber.m in Sources */ = {isa = PBXBuildFile; fileRef = 92F3EA3F178B1DA300A4C617 /* NSNumber+F53OSCNumber.m */; settings = {COMPILER_FLAGS = "-fno-objc-arc"; }; };
		92F3EA51178B1DA300A4C617 /* NSString+F53OSCString.m in Sources */ = {isa = PBXBuildFile; fileRef = 92F3EA41178B1DA300A4C617 /* NSString+F53OSCString.m */; settings = {COMPILER_FLAGS = "-fno-objc-arc"; }; };
		92F3EA52178B1DA300A4C617 /* README.markdown in Resources */ = {isa = PBXBuildFile; fileRef = 92F3EA42178B1DA300A4C617 /* README.markdown */; };
		92F3EA5A178B4DF500A4C617 /* QLKServer.m in Sources */ = {isa = PBXBuildFile; fileRef = 92F3EA56178B4DF500A4C617 /* QLKServer.m */; };
		92F3EA5B178B4DF500A4C617 /* QLKWorkspace.m in Sources */ = {isa = PBXBuildFile; fileRef = 92F3EA58178B4DF500A4C617 /* QLKWorkspace.m */; };
		92F3EA5E178B4E8100A4C617 /* QLKBrowser.m in Sources */ = {isa = PBXBuildFile; fileRef = 92F3EA5D178B4E8100A4C617 /* QLKBrowser.m */; };
		92F3EA61178C597D00A4C617 /* QLKCue.m in Sources */ = {isa = PBXBuildFile; fileRef = 92F3EA60178C597D00A4C617 /* QLKCue.m */; };
		92F3EA64178C5CF300A4C617 /* QLKDefines.m in Sources */ = {isa = PBXBuildFile; fileRef = 92F3EA63178C5CF300A4C617 /* QLKDefines.m */; };
		92F3EA67178C5D4100A4C617 /* QLKColor.m in Sources */ = {isa = PBXBuildFile; fileRef = 92F3EA66178C5D4100A4C617 /* QLKColor.m */; };
		92F3EA69178C5F6A00A4C617 /* Security.framework in Frameworks */ = {isa = PBXBuildFile; fileRef = 92F3EA68178C5F6A00A4C617 /* Security.framework */; };
		92F3EA6F178C6A8200A4C617 /* QLKClient.m in Sources */ = {isa = PBXBuildFile; fileRef = 92F3EA6E178C6A8200A4C617 /* QLKClient.m */; };
/* End PBXBuildFile section */

/* Begin PBXFileReference section */
		1ADE787519A535D8009E29E2 /* QLKCue_private.h */ = {isa = PBXFileReference; lastKnownFileType = sourcecode.c.h; path = QLKCue_private.h; sourceTree = "<group>"; };
		921DB1CC1796F65700ADDB2D /* QLKMessage.h */ = {isa = PBXFileReference; fileEncoding = 4; lastKnownFileType = sourcecode.c.h; path = QLKMessage.h; sourceTree = "<group>"; };
		921DB1CD1796F65700ADDB2D /* QLKMessage.m */ = {isa = PBXFileReference; fileEncoding = 4; lastKnownFileType = sourcecode.c.objc; path = QLKMessage.m; sourceTree = "<group>"; };
		92B2542A18185A2800710257 /* XCTest.framework */ = {isa = PBXFileReference; lastKnownFileType = wrapper.framework; name = XCTest.framework; path = Library/Frameworks/XCTest.framework; sourceTree = DEVELOPER_DIR; };
		92F3E9E9178B1BC500A4C617 /* QLabKitDemo.app */ = {isa = PBXFileReference; explicitFileType = wrapper.application; includeInIndex = 0; path = QLabKitDemo.app; sourceTree = BUILT_PRODUCTS_DIR; };
		92F3E9EC178B1BC500A4C617 /* Cocoa.framework */ = {isa = PBXFileReference; lastKnownFileType = wrapper.framework; name = Cocoa.framework; path = System/Library/Frameworks/Cocoa.framework; sourceTree = SDKROOT; };
		92F3E9F4178B1BC500A4C617 /* QLabKit-Info.plist */ = {isa = PBXFileReference; lastKnownFileType = text.plist.xml; path = "QLabKit-Info.plist"; sourceTree = "<group>"; };
		92F3E9F6178B1BC500A4C617 /* en */ = {isa = PBXFileReference; lastKnownFileType = text.plist.strings; name = en; path = en.lproj/InfoPlist.strings; sourceTree = "<group>"; };
		92F3E9F8178B1BC500A4C617 /* main.m */ = {isa = PBXFileReference; lastKnownFileType = sourcecode.c.objc; path = main.m; sourceTree = "<group>"; };
		92F3E9FA178B1BC500A4C617 /* QLabKit-Prefix.pch */ = {isa = PBXFileReference; lastKnownFileType = sourcecode.c.h; path = "QLabKit-Prefix.pch"; sourceTree = "<group>"; };
		92F3E9FC178B1BC500A4C617 /* en */ = {isa = PBXFileReference; lastKnownFileType = text.rtf; name = en; path = en.lproj/Credits.rtf; sourceTree = "<group>"; };
		92F3E9FE178B1BC500A4C617 /* QLKAppDelegate.h */ = {isa = PBXFileReference; lastKnownFileType = sourcecode.c.h; path = QLKAppDelegate.h; sourceTree = "<group>"; };
		92F3E9FF178B1BC500A4C617 /* QLKAppDelegate.m */ = {isa = PBXFileReference; lastKnownFileType = sourcecode.c.objc; path = QLKAppDelegate.m; sourceTree = "<group>"; };
		92F3EA02178B1BC500A4C617 /* en */ = {isa = PBXFileReference; lastKnownFileType = file.xib; name = en; path = en.lproj/MainMenu.xib; sourceTree = "<group>"; };
		92F3EA22178B1DA300A4C617 /* F53OSC.h */ = {isa = PBXFileReference; fileEncoding = 4; lastKnownFileType = sourcecode.c.h; path = F53OSC.h; sourceTree = "<group>"; };
		92F3EA23178B1DA300A4C617 /* F53OSCBundle.h */ = {isa = PBXFileReference; fileEncoding = 4; lastKnownFileType = sourcecode.c.h; path = F53OSCBundle.h; sourceTree = "<group>"; };
		92F3EA24178B1DA300A4C617 /* F53OSCBundle.m */ = {isa = PBXFileReference; fileEncoding = 4; lastKnownFileType = sourcecode.c.objc; path = F53OSCBundle.m; sourceTree = "<group>"; };
		92F3EA25178B1DA300A4C617 /* F53OSCClient.h */ = {isa = PBXFileReference; fileEncoding = 4; lastKnownFileType = sourcecode.c.h; path = F53OSCClient.h; sourceTree = "<group>"; };
		92F3EA26178B1DA300A4C617 /* F53OSCClient.m */ = {isa = PBXFileReference; fileEncoding = 4; lastKnownFileType = sourcecode.c.objc; path = F53OSCClient.m; sourceTree = "<group>"; };
		92F3EA27178B1DA300A4C617 /* F53OSCFoundationAdditions.h */ = {isa = PBXFileReference; fileEncoding = 4; lastKnownFileType = sourcecode.c.h; path = F53OSCFoundationAdditions.h; sourceTree = "<group>"; };
		92F3EA28178B1DA300A4C617 /* F53OSCMessage.h */ = {isa = PBXFileReference; fileEncoding = 4; lastKnownFileType = sourcecode.c.h; path = F53OSCMessage.h; sourceTree = "<group>"; };
		92F3EA29178B1DA300A4C617 /* F53OSCMessage.m */ = {isa = PBXFileReference; fileEncoding = 4; lastKnownFileType = sourcecode.c.objc; path = F53OSCMessage.m; sourceTree = "<group>"; };
		92F3EA2A178B1DA300A4C617 /* F53OSCPacket.h */ = {isa = PBXFileReference; fileEncoding = 4; lastKnownFileType = sourcecode.c.h; path = F53OSCPacket.h; sourceTree = "<group>"; };
		92F3EA2B178B1DA300A4C617 /* F53OSCPacket.m */ = {isa = PBXFileReference; fileEncoding = 4; lastKnownFileType = sourcecode.c.objc; path = F53OSCPacket.m; sourceTree = "<group>"; };
		92F3EA2C178B1DA300A4C617 /* F53OSCParser.h */ = {isa = PBXFileReference; fileEncoding = 4; lastKnownFileType = sourcecode.c.h; path = F53OSCParser.h; sourceTree = "<group>"; };
		92F3EA2D178B1DA300A4C617 /* F53OSCParser.m */ = {isa = PBXFileReference; fileEncoding = 4; lastKnownFileType = sourcecode.c.objc; path = F53OSCParser.m; sourceTree = "<group>"; };
		92F3EA2E178B1DA300A4C617 /* F53OSCProtocols.h */ = {isa = PBXFileReference; fileEncoding = 4; lastKnownFileType = sourcecode.c.h; path = F53OSCProtocols.h; sourceTree = "<group>"; };
		92F3EA2F178B1DA300A4C617 /* F53OSCServer.h */ = {isa = PBXFileReference; fileEncoding = 4; lastKnownFileType = sourcecode.c.h; path = F53OSCServer.h; sourceTree = "<group>"; };
		92F3EA30178B1DA300A4C617 /* F53OSCServer.m */ = {isa = PBXFileReference; fileEncoding = 4; lastKnownFileType = sourcecode.c.objc; path = F53OSCServer.m; sourceTree = "<group>"; };
		92F3EA31178B1DA300A4C617 /* F53OSCSocket.h */ = {isa = PBXFileReference; fileEncoding = 4; lastKnownFileType = sourcecode.c.h; path = F53OSCSocket.h; sourceTree = "<group>"; };
		92F3EA32178B1DA300A4C617 /* F53OSCSocket.m */ = {isa = PBXFileReference; fileEncoding = 4; lastKnownFileType = sourcecode.c.objc; path = F53OSCSocket.m; sourceTree = "<group>"; };
		92F3EA33178B1DA300A4C617 /* F53OSCTimeTag.h */ = {isa = PBXFileReference; fileEncoding = 4; lastKnownFileType = sourcecode.c.h; path = F53OSCTimeTag.h; sourceTree = "<group>"; };
		92F3EA34178B1DA300A4C617 /* F53OSCTimeTag.m */ = {isa = PBXFileReference; fileEncoding = 4; lastKnownFileType = sourcecode.c.objc; path = F53OSCTimeTag.m; sourceTree = "<group>"; };
		92F3EA35178B1DA300A4C617 /* GCDAsyncSocket.h */ = {isa = PBXFileReference; fileEncoding = 4; lastKnownFileType = sourcecode.c.h; path = GCDAsyncSocket.h; sourceTree = "<group>"; };
		92F3EA36178B1DA300A4C617 /* GCDAsyncSocket.m */ = {isa = PBXFileReference; fileEncoding = 4; lastKnownFileType = sourcecode.c.objc; path = GCDAsyncSocket.m; sourceTree = "<group>"; };
		92F3EA37178B1DA300A4C617 /* GCDAsyncUdpSocket.h */ = {isa = PBXFileReference; fileEncoding = 4; lastKnownFileType = sourcecode.c.h; path = GCDAsyncUdpSocket.h; sourceTree = "<group>"; };
		92F3EA38178B1DA300A4C617 /* GCDAsyncUdpSocket.m */ = {isa = PBXFileReference; fileEncoding = 4; lastKnownFileType = sourcecode.c.objc; path = GCDAsyncUdpSocket.m; sourceTree = "<group>"; };
		92F3EA39178B1DA300A4C617 /* LICENSE.txt */ = {isa = PBXFileReference; fileEncoding = 4; lastKnownFileType = text; path = LICENSE.txt; sourceTree = "<group>"; };
		92F3EA3A178B1DA300A4C617 /* NSData+F53OSCBlob.h */ = {isa = PBXFileReference; fileEncoding = 4; lastKnownFileType = sourcecode.c.h; path = "NSData+F53OSCBlob.h"; sourceTree = "<group>"; };
		92F3EA3B178B1DA300A4C617 /* NSData+F53OSCBlob.m */ = {isa = PBXFileReference; fileEncoding = 4; lastKnownFileType = sourcecode.c.objc; path = "NSData+F53OSCBlob.m"; sourceTree = "<group>"; };
		92F3EA3C178B1DA300A4C617 /* NSDate+F53OSCTimeTag.h */ = {isa = PBXFileReference; fileEncoding = 4; lastKnownFileType = sourcecode.c.h; path = "NSDate+F53OSCTimeTag.h"; sourceTree = "<group>"; };
		92F3EA3D178B1DA300A4C617 /* NSDate+F53OSCTimeTag.m */ = {isa = PBXFileReference; fileEncoding = 4; lastKnownFileType = sourcecode.c.objc; path = "NSDate+F53OSCTimeTag.m"; sourceTree = "<group>"; };
		92F3EA3E178B1DA300A4C617 /* NSNumber+F53OSCNumber.h */ = {isa = PBXFileReference; fileEncoding = 4; lastKnownFileType = sourcecode.c.h; path = "NSNumber+F53OSCNumber.h"; sourceTree = "<group>"; };
		92F3EA3F178B1DA300A4C617 /* NSNumber+F53OSCNumber.m */ = {isa = PBXFileReference; fileEncoding = 4; lastKnownFileType = sourcecode.c.objc; path = "NSNumber+F53OSCNumber.m"; sourceTree = "<group>"; };
		92F3EA40178B1DA300A4C617 /* NSString+F53OSCString.h */ = {isa = PBXFileReference; fileEncoding = 4; lastKnownFileType = sourcecode.c.h; path = "NSString+F53OSCString.h"; sourceTree = "<group>"; };
		92F3EA41178B1DA300A4C617 /* NSString+F53OSCString.m */ = {isa = PBXFileReference; fileEncoding = 4; lastKnownFileType = sourcecode.c.objc; path = "NSString+F53OSCString.m"; sourceTree = "<group>"; };
		92F3EA42178B1DA300A4C617 /* README.markdown */ = {isa = PBXFileReference; fileEncoding = 4; lastKnownFileType = text; path = README.markdown; sourceTree = "<group>"; };
		92F3EA55178B4DF500A4C617 /* QLKServer.h */ = {isa = PBXFileReference; fileEncoding = 4; lastKnownFileType = sourcecode.c.h; path = QLKServer.h; sourceTree = "<group>"; };
		92F3EA56178B4DF500A4C617 /* QLKServer.m */ = {isa = PBXFileReference; fileEncoding = 4; lastKnownFileType = sourcecode.c.objc; path = QLKServer.m; sourceTree = "<group>"; };
		92F3EA57178B4DF500A4C617 /* QLKWorkspace.h */ = {isa = PBXFileReference; fileEncoding = 4; lastKnownFileType = sourcecode.c.h; path = QLKWorkspace.h; sourceTree = "<group>"; };
		92F3EA58178B4DF500A4C617 /* QLKWorkspace.m */ = {isa = PBXFileReference; fileEncoding = 4; lastKnownFileType = sourcecode.c.objc; path = QLKWorkspace.m; sourceTree = "<group>"; };
		92F3EA5C178B4E8100A4C617 /* QLKBrowser.h */ = {isa = PBXFileReference; fileEncoding = 4; lastKnownFileType = sourcecode.c.h; path = QLKBrowser.h; sourceTree = "<group>"; };
		92F3EA5D178B4E8100A4C617 /* QLKBrowser.m */ = {isa = PBXFileReference; fileEncoding = 4; lastKnownFileType = sourcecode.c.objc; path = QLKBrowser.m; sourceTree = "<group>"; };
		92F3EA5F178C597D00A4C617 /* QLKCue.h */ = {isa = PBXFileReference; fileEncoding = 4; lastKnownFileType = sourcecode.c.h; path = QLKCue.h; sourceTree = "<group>"; };
		92F3EA60178C597D00A4C617 /* QLKCue.m */ = {isa = PBXFileReference; fileEncoding = 4; lastKnownFileType = sourcecode.c.objc; path = QLKCue.m; sourceTree = "<group>"; };
		92F3EA62178C5CF300A4C617 /* QLKDefines.h */ = {isa = PBXFileReference; fileEncoding = 4; lastKnownFileType = sourcecode.c.h; path = QLKDefines.h; sourceTree = "<group>"; };
		92F3EA63178C5CF300A4C617 /* QLKDefines.m */ = {isa = PBXFileReference; fileEncoding = 4; lastKnownFileType = sourcecode.c.objc; path = QLKDefines.m; sourceTree = "<group>"; };
		92F3EA65178C5D4100A4C617 /* QLKColor.h */ = {isa = PBXFileReference; fileEncoding = 4; lastKnownFileType = sourcecode.c.h; path = QLKColor.h; sourceTree = "<group>"; };
		92F3EA66178C5D4100A4C617 /* QLKColor.m */ = {isa = PBXFileReference; fileEncoding = 4; lastKnownFileType = sourcecode.c.objc; path = QLKColor.m; sourceTree = "<group>"; };
		92F3EA68178C5F6A00A4C617 /* Security.framework */ = {isa = PBXFileReference; lastKnownFileType = wrapper.framework; name = Security.framework; path = System/Library/Frameworks/Security.framework; sourceTree = SDKROOT; };
		92F3EA6A178C607700A4C617 /* QLabKit.h */ = {isa = PBXFileReference; fileEncoding = 4; lastKnownFileType = sourcecode.c.h; path = QLabKit.h; sourceTree = "<group>"; };
		92F3EA6D178C6A8200A4C617 /* QLKClient.h */ = {isa = PBXFileReference; fileEncoding = 4; lastKnownFileType = sourcecode.c.h; path = QLKClient.h; sourceTree = "<group>"; };
		92F3EA6E178C6A8200A4C617 /* QLKClient.m */ = {isa = PBXFileReference; fileEncoding = 4; lastKnownFileType = sourcecode.c.objc; path = QLKClient.m; sourceTree = "<group>"; };
/* End PBXFileReference section */

/* Begin PBXFrameworksBuildPhase section */
		92F3E9E6178B1BC500A4C617 /* Frameworks */ = {
			isa = PBXFrameworksBuildPhase;
			buildActionMask = 2147483647;
			files = (
				92F3EA69178C5F6A00A4C617 /* Security.framework in Frameworks */,
				92F3E9ED178B1BC500A4C617 /* Cocoa.framework in Frameworks */,
			);
			runOnlyForDeploymentPostprocessing = 0;
		};
/* End PBXFrameworksBuildPhase section */

/* Begin PBXGroup section */
		92F3E9E0178B1BC500A4C617 = {
			isa = PBXGroup;
			children = (
				92F3EA20178B1CE400A4C617 /* QLabKit */,
				92F3E9F2178B1BC500A4C617 /* Demo */,
				92F3E9EB178B1BC500A4C617 /* Frameworks */,
				92F3E9EA178B1BC500A4C617 /* Products */,
			);
			sourceTree = "<group>";
		};
		92F3E9EA178B1BC500A4C617 /* Products */ = {
			isa = PBXGroup;
			children = (
				92F3E9E9178B1BC500A4C617 /* QLabKitDemo.app */,
			);
			name = Products;
			sourceTree = "<group>";
		};
		92F3E9EB178B1BC500A4C617 /* Frameworks */ = {
			isa = PBXGroup;
			children = (
				92B2542A18185A2800710257 /* XCTest.framework */,
				92F3EA68178C5F6A00A4C617 /* Security.framework */,
				92F3E9EC178B1BC500A4C617 /* Cocoa.framework */,
			);
			name = Frameworks;
			sourceTree = "<group>";
		};
		92F3E9F2178B1BC500A4C617 /* Demo */ = {
			isa = PBXGroup;
			children = (
				92F3E9FE178B1BC500A4C617 /* QLKAppDelegate.h */,
				92F3E9FF178B1BC500A4C617 /* QLKAppDelegate.m */,
				92F3EA01178B1BC500A4C617 /* MainMenu.xib */,
				92F3E9F3178B1BC500A4C617 /* Supporting Files */,
			);
			name = Demo;
			path = demo;
			sourceTree = "<group>";
		};
		92F3E9F3178B1BC500A4C617 /* Supporting Files */ = {
			isa = PBXGroup;
			children = (
				92F3E9F8178B1BC500A4C617 /* main.m */,
				92F3E9FA178B1BC500A4C617 /* QLabKit-Prefix.pch */,
				92F3E9F4178B1BC500A4C617 /* QLabKit-Info.plist */,
				92F3E9F5178B1BC500A4C617 /* InfoPlist.strings */,
				92F3E9FB178B1BC500A4C617 /* Credits.rtf */,
			);
			name = "Supporting Files";
			sourceTree = "<group>";
		};
		92F3EA20178B1CE400A4C617 /* QLabKit */ = {
			isa = PBXGroup;
			children = (
				92F3EA21178B1DA300A4C617 /* F53OSC */,
				92F3EA6A178C607700A4C617 /* QLabKit.h */,
				92F3EA62178C5CF300A4C617 /* QLKDefines.h */,
				92F3EA63178C5CF300A4C617 /* QLKDefines.m */,
				92F3EA5C178B4E8100A4C617 /* QLKBrowser.h */,
				92F3EA5D178B4E8100A4C617 /* QLKBrowser.m */,
				92F3EA55178B4DF500A4C617 /* QLKServer.h */,
				92F3EA56178B4DF500A4C617 /* QLKServer.m */,
				92F3EA6D178C6A8200A4C617 /* QLKClient.h */,
				92F3EA6E178C6A8200A4C617 /* QLKClient.m */,
				921DB1CC1796F65700ADDB2D /* QLKMessage.h */,
				921DB1CD1796F65700ADDB2D /* QLKMessage.m */,
				92F3EA57178B4DF500A4C617 /* QLKWorkspace.h */,
				92F3EA58178B4DF500A4C617 /* QLKWorkspace.m */,
				92F3EA5F178C597D00A4C617 /* QLKCue.h */,
				1ADE787519A535D8009E29E2 /* QLKCue_private.h */,
				92F3EA60178C597D00A4C617 /* QLKCue.m */,
				92F3EA65178C5D4100A4C617 /* QLKColor.h */,
				92F3EA66178C5D4100A4C617 /* QLKColor.m */,
			);
			name = QLabKit;
			path = lib;
			sourceTree = "<group>";
		};
		92F3EA21178B1DA300A4C617 /* F53OSC */ = {
			isa = PBXGroup;
			children = (
				92F3EA39178B1DA300A4C617 /* LICENSE.txt */,
				92F3EA42178B1DA300A4C617 /* README.markdown */,
				92F3EA22178B1DA300A4C617 /* F53OSC.h */,
				92F3EA2E178B1DA300A4C617 /* F53OSCProtocols.h */,
				92F3EA2C178B1DA300A4C617 /* F53OSCParser.h */,
				92F3EA2D178B1DA300A4C617 /* F53OSCParser.m */,
				92F3EA31178B1DA300A4C617 /* F53OSCSocket.h */,
				92F3EA32178B1DA300A4C617 /* F53OSCSocket.m */,
				92F3EA25178B1DA300A4C617 /* F53OSCClient.h */,
				92F3EA26178B1DA300A4C617 /* F53OSCClient.m */,
				92F3EA2F178B1DA300A4C617 /* F53OSCServer.h */,
				92F3EA30178B1DA300A4C617 /* F53OSCServer.m */,
				92F3EA2A178B1DA300A4C617 /* F53OSCPacket.h */,
				92F3EA2B178B1DA300A4C617 /* F53OSCPacket.m */,
				92F3EA28178B1DA300A4C617 /* F53OSCMessage.h */,
				92F3EA29178B1DA300A4C617 /* F53OSCMessage.m */,
				92F3EA23178B1DA300A4C617 /* F53OSCBundle.h */,
				92F3EA24178B1DA300A4C617 /* F53OSCBundle.m */,
				92F3EA33178B1DA300A4C617 /* F53OSCTimeTag.h */,
				92F3EA34178B1DA300A4C617 /* F53OSCTimeTag.m */,
				92F3EA27178B1DA300A4C617 /* F53OSCFoundationAdditions.h */,
				92F3EA3A178B1DA300A4C617 /* NSData+F53OSCBlob.h */,
				92F3EA3B178B1DA300A4C617 /* NSData+F53OSCBlob.m */,
				92F3EA3C178B1DA300A4C617 /* NSDate+F53OSCTimeTag.h */,
				92F3EA3D178B1DA300A4C617 /* NSDate+F53OSCTimeTag.m */,
				92F3EA3E178B1DA300A4C617 /* NSNumber+F53OSCNumber.h */,
				92F3EA3F178B1DA300A4C617 /* NSNumber+F53OSCNumber.m */,
				92F3EA40178B1DA300A4C617 /* NSString+F53OSCString.h */,
				92F3EA41178B1DA300A4C617 /* NSString+F53OSCString.m */,
				92F3EA35178B1DA300A4C617 /* GCDAsyncSocket.h */,
				92F3EA36178B1DA300A4C617 /* GCDAsyncSocket.m */,
				92F3EA37178B1DA300A4C617 /* GCDAsyncUdpSocket.h */,
				92F3EA38178B1DA300A4C617 /* GCDAsyncUdpSocket.m */,
			);
			path = F53OSC;
			sourceTree = "<group>";
		};
/* End PBXGroup section */

/* Begin PBXNativeTarget section */
		92F3E9E8178B1BC500A4C617 /* QLabKitDemo */ = {
			isa = PBXNativeTarget;
			buildConfigurationList = 92F3EA1A178B1BC600A4C617 /* Build configuration list for PBXNativeTarget "QLabKitDemo" */;
			buildPhases = (
				92F3E9E5178B1BC500A4C617 /* Sources */,
				92F3E9E6178B1BC500A4C617 /* Frameworks */,
				92F3E9E7178B1BC500A4C617 /* Resources */,
			);
			buildRules = (
			);
			dependencies = (
			);
			name = QLabKitDemo;
			productName = QLabKit;
			productReference = 92F3E9E9178B1BC500A4C617 /* QLabKitDemo.app */;
			productType = "com.apple.product-type.application";
		};
/* End PBXNativeTarget section */

/* Begin PBXProject section */
		92F3E9E1178B1BC500A4C617 /* Project object */ = {
			isa = PBXProject;
			attributes = {
				CLASSPREFIX = QLK;
				LastUpgradeCheck = 0500;
				ORGANIZATIONNAME = "Figure 53";
			};
			buildConfigurationList = 92F3E9E4178B1BC500A4C617 /* Build configuration list for PBXProject "QLabKit" */;
			compatibilityVersion = "Xcode 3.2";
			developmentRegion = English;
			hasScannedForEncodings = 0;
			knownRegions = (
				en,
			);
			mainGroup = 92F3E9E0178B1BC500A4C617;
			productRefGroup = 92F3E9EA178B1BC500A4C617 /* Products */;
			projectDirPath = "";
			projectRoot = "";
			targets = (
				92F3E9E8178B1BC500A4C617 /* QLabKitDemo */,
			);
		};
/* End PBXProject section */

/* Begin PBXResourcesBuildPhase section */
		92F3E9E7178B1BC500A4C617 /* Resources */ = {
			isa = PBXResourcesBuildPhase;
			buildActionMask = 2147483647;
			files = (
				92F3E9F7178B1BC500A4C617 /* InfoPlist.strings in Resources */,
				92F3E9FD178B1BC500A4C617 /* Credits.rtf in Resources */,
				92F3EA03178B1BC500A4C617 /* MainMenu.xib in Resources */,
				92F3EA4D178B1DA300A4C617 /* LICENSE.txt in Resources */,
				92F3EA52178B1DA300A4C617 /* README.markdown in Resources */,
			);
			runOnlyForDeploymentPostprocessing = 0;
		};
/* End PBXResourcesBuildPhase section */

/* Begin PBXSourcesBuildPhase section */
		92F3E9E5178B1BC500A4C617 /* Sources */ = {
			isa = PBXSourcesBuildPhase;
			buildActionMask = 2147483647;
			files = (
				92F3E9F9178B1BC500A4C617 /* main.m in Sources */,
				92F3EA00178B1BC500A4C617 /* QLKAppDelegate.m in Sources */,
				92F3EA43178B1DA300A4C617 /* F53OSCBundle.m in Sources */,
				92F3EA44178B1DA300A4C617 /* F53OSCClient.m in Sources */,
				92F3EA45178B1DA300A4C617 /* F53OSCMessage.m in Sources */,
				92F3EA46178B1DA300A4C617 /* F53OSCPacket.m in Sources */,
				92F3EA47178B1DA300A4C617 /* F53OSCParser.m in Sources */,
				92F3EA48178B1DA300A4C617 /* F53OSCServer.m in Sources */,
				92F3EA49178B1DA300A4C617 /* F53OSCSocket.m in Sources */,
				92F3EA4A178B1DA300A4C617 /* F53OSCTimeTag.m in Sources */,
				92F3EA4B178B1DA300A4C617 /* GCDAsyncSocket.m in Sources */,
				92F3EA4C178B1DA300A4C617 /* GCDAsyncUdpSocket.m in Sources */,
				92F3EA4E178B1DA300A4C617 /* NSData+F53OSCBlob.m in Sources */,
				92F3EA4F178B1DA300A4C617 /* NSDate+F53OSCTimeTag.m in Sources */,
				92F3EA50178B1DA300A4C617 /* NSNumber+F53OSCNumber.m in Sources */,
				92F3EA51178B1DA300A4C617 /* NSString+F53OSCString.m in Sources */,
				92F3EA5A178B4DF500A4C617 /* QLKServer.m in Sources */,
				92F3EA5B178B4DF500A4C617 /* QLKWorkspace.m in Sources */,
				92F3EA5E178B4E8100A4C617 /* QLKBrowser.m in Sources */,
				92F3EA61178C597D00A4C617 /* QLKCue.m in Sources */,
				92F3EA64178C5CF300A4C617 /* QLKDefines.m in Sources */,
				92F3EA67178C5D4100A4C617 /* QLKColor.m in Sources */,
				92F3EA6F178C6A8200A4C617 /* QLKClient.m in Sources */,
				921DB1CE1796F65800ADDB2D /* QLKMessage.m in Sources */,
			);
			runOnlyForDeploymentPostprocessing = 0;
		};
/* End PBXSourcesBuildPhase section */

/* Begin PBXVariantGroup section */
		92F3E9F5178B1BC500A4C617 /* InfoPlist.strings */ = {
			isa = PBXVariantGroup;
			children = (
				92F3E9F6178B1BC500A4C617 /* en */,
			);
			name = InfoPlist.strings;
			sourceTree = "<group>";
		};
		92F3E9FB178B1BC500A4C617 /* Credits.rtf */ = {
			isa = PBXVariantGroup;
			children = (
				92F3E9FC178B1BC500A4C617 /* en */,
			);
			name = Credits.rtf;
			sourceTree = "<group>";
		};
		92F3EA01178B1BC500A4C617 /* MainMenu.xib */ = {
			isa = PBXVariantGroup;
			children = (
				92F3EA02178B1BC500A4C617 /* en */,
			);
			name = MainMenu.xib;
			sourceTree = "<group>";
		};
/* End PBXVariantGroup section */

/* Begin XCBuildConfiguration section */
		92F3EA18178B1BC600A4C617 /* Debug */ = {
			isa = XCBuildConfiguration;
			buildSettings = {
				ALWAYS_SEARCH_USER_PATHS = NO;
				CLANG_CXX_LANGUAGE_STANDARD = "gnu++0x";
				CLANG_CXX_LIBRARY = "libc++";
				CLANG_ENABLE_OBJC_ARC = YES;
				CLANG_WARN_CONSTANT_CONVERSION = YES;
				CLANG_WARN_EMPTY_BODY = YES;
				CLANG_WARN_ENUM_CONVERSION = YES;
				CLANG_WARN_INT_CONVERSION = YES;
				CLANG_WARN__DUPLICATE_METHOD_MATCH = YES;
				COPY_PHASE_STRIP = NO;
				GCC_C_LANGUAGE_STANDARD = gnu99;
				GCC_DYNAMIC_NO_PIC = NO;
				GCC_ENABLE_OBJC_EXCEPTIONS = YES;
				GCC_OPTIMIZATION_LEVEL = 0;
				GCC_PREPROCESSOR_DEFINITIONS = (
					"DEBUG=1",
					"$(inherited)",
				);
				GCC_SYMBOLS_PRIVATE_EXTERN = NO;
				GCC_WARN_64_TO_32_BIT_CONVERSION = YES;
				GCC_WARN_ABOUT_RETURN_TYPE = YES;
				GCC_WARN_UNINITIALIZED_AUTOS = YES;
				GCC_WARN_UNUSED_VARIABLE = YES;
				MACOSX_DEPLOYMENT_TARGET = 10.8;
				ONLY_ACTIVE_ARCH = YES;
				SDKROOT = macosx;
			};
			name = Debug;
		};
		92F3EA19178B1BC600A4C617 /* Release */ = {
			isa = XCBuildConfiguration;
			buildSettings = {
				ALWAYS_SEARCH_USER_PATHS = NO;
				CLANG_CXX_LANGUAGE_STANDARD = "gnu++0x";
				CLANG_CXX_LIBRARY = "libc++";
				CLANG_ENABLE_OBJC_ARC = YES;
				CLANG_WARN_CONSTANT_CONVERSION = YES;
				CLANG_WARN_EMPTY_BODY = YES;
				CLANG_WARN_ENUM_CONVERSION = YES;
				CLANG_WARN_INT_CONVERSION = YES;
				CLANG_WARN__DUPLICATE_METHOD_MATCH = YES;
				COPY_PHASE_STRIP = YES;
				DEBUG_INFORMATION_FORMAT = "dwarf-with-dsym";
				GCC_C_LANGUAGE_STANDARD = gnu99;
				GCC_ENABLE_OBJC_EXCEPTIONS = YES;
				GCC_WARN_64_TO_32_BIT_CONVERSION = YES;
				GCC_WARN_ABOUT_RETURN_TYPE = YES;
				GCC_WARN_UNINITIALIZED_AUTOS = YES;
				GCC_WARN_UNUSED_VARIABLE = YES;
				MACOSX_DEPLOYMENT_TARGET = 10.8;
				SDKROOT = macosx;
			};
			name = Release;
		};
		92F3EA1B178B1BC600A4C617 /* Debug */ = {
			isa = XCBuildConfiguration;
			buildSettings = {
				COMBINE_HIDPI_IMAGES = YES;
				GCC_PRECOMPILE_PREFIX_HEADER = YES;
				GCC_PREFIX_HEADER = "demo/QLabKit-Prefix.pch";
				INFOPLIST_FILE = "demo/QLabKit-Info.plist";
				PRODUCT_NAME = "$(TARGET_NAME)";
				WRAPPER_EXTENSION = app;
			};
			name = Debug;
		};
		92F3EA1C178B1BC600A4C617 /* Release */ = {
			isa = XCBuildConfiguration;
			buildSettings = {
				COMBINE_HIDPI_IMAGES = YES;
				GCC_PRECOMPILE_PREFIX_HEADER = YES;
				GCC_PREFIX_HEADER = "demo/QLabKit-Prefix.pch";
				INFOPLIST_FILE = "demo/QLabKit-Info.plist";
				PRODUCT_NAME = "$(TARGET_NAME)";
				WRAPPER_EXTENSION = app;
			};
			name = Release;
		};
/* End XCBuildConfiguration section */

/* Begin XCConfigurationList section */
		92F3E9E4178B1BC500A4C617 /* Build configuration list for PBXProject "QLabKit" */ = {
			isa = XCConfigurationList;
			buildConfigurations = (
				92F3EA18178B1BC600A4C617 /* Debug */,
				92F3EA19178B1BC600A4C617 /* Release */,
			);
			defaultConfigurationIsVisible = 0;
			defaultConfigurationName = Release;
		};
		92F3EA1A178B1BC600A4C617 /* Build configuration list for PBXNativeTarget "QLabKitDemo" */ = {
			isa = XCConfigurationList;
			buildConfigurations = (
				92F3EA1B178B1BC600A4C617 /* Debug */,
				92F3EA1C178B1BC600A4C617 /* Release */,
			);
			defaultConfigurationIsVisible = 0;
			defaultConfigurationName = Release;
		};
/* End XCConfigurationList section */
	};
	rootObject = 92F3E9E1178B1BC500A4C617 /* Project object */;
}
